
Microsoft Visual Studio Solution File, Format Version 12.00
# Visual Studio Version 17
VisualStudioVersion = 17.9.34616.47
MinimumVisualStudioVersion = 10.0.40219.1
Project("{FAE04EC0-301F-11D3-BF4B-00C04F79EFBC}") = "PlantAll", "PlantAll\PlantAll.csproj", "{02AD5A7B-E0AB-4E39-B5D2-DDD4F4FB7AF8}"
EndProject
Global
	GlobalSection(SolutionConfigurationPlatforms) = preSolution
		Debug|Any CPU = Debug|Any CPU
		Release|Any CPU = Release|Any CPU
	EndGlobalSection
	GlobalSection(ProjectConfigurationPlatforms) = postSolution
		{02AD5A7B-E0AB-4E39-B5D2-DDD4F4FB7AF8}.Debug|Any CPU.ActiveCfg = Debug|Any CPU
		{02AD5A7B-E0AB-4E39-B5D2-DDD4F4FB7AF8}.Debug|Any CPU.Build.0 = Debug|Any CPU
		{02AD5A7B-E0AB-4E39-B5D2-DDD4F4FB7AF8}.Release|Any CPU.ActiveCfg = Release|Any CPU
		{02AD5A7B-E0AB-4E39-B5D2-DDD4F4FB7AF8}.Release|Any CPU.Build.0 = Release|Any CPU
	EndGlobalSection
	GlobalSection(SolutionProperties) = preSolution
		HideSolutionNode = FALSE
	EndGlobalSection
	GlobalSection(ExtensibilityGlobals) = postSolution
		SolutionGuid = {7628B197-7583-4CFD-9B5B-305353F0F7DD}
	EndGlobalSection
EndGlobal
